// !$*UTF8*$!
{
	archiveVersion = 1;
	classes = {
	};
	objectVersion = 50;
	objects = {

/* Begin PBXBuildFile section */
		2C7F49292571067C00EE9B0B /* AppDelegate.swift in Sources */ = {isa = PBXBuildFile; fileRef = 2C7F49282571067C00EE9B0B /* AppDelegate.swift */; };
		2C7F492B2571067C00EE9B0B /* SceneDelegate.swift in Sources */ = {isa = PBXBuildFile; fileRef = 2C7F492A2571067C00EE9B0B /* SceneDelegate.swift */; };
		2C7F492D2571067C00EE9B0B /* ViewController.swift in Sources */ = {isa = PBXBuildFile; fileRef = 2C7F492C2571067C00EE9B0B /* ViewController.swift */; };
		2C7F49302571067C00EE9B0B /* Main.storyboard in Resources */ = {isa = PBXBuildFile; fileRef = 2C7F492E2571067C00EE9B0B /* Main.storyboard */; };
		2C7F49332571067C00EE9B0B /* HackerNewsReader.xcdatamodeld in Sources */ = {isa = PBXBuildFile; fileRef = 2C7F49312571067C00EE9B0B /* HackerNewsReader.xcdatamodeld */; };
		2C7F49352571067E00EE9B0B /* Assets.xcassets in Resources */ = {isa = PBXBuildFile; fileRef = 2C7F49342571067E00EE9B0B /* Assets.xcassets */; };
		2C7F49382571067E00EE9B0B /* LaunchScreen.storyboard in Resources */ = {isa = PBXBuildFile; fileRef = 2C7F49362571067E00EE9B0B /* LaunchScreen.storyboard */; };
		2C7F49432571067E00EE9B0B /* HackerNewsReaderTests.swift in Sources */ = {isa = PBXBuildFile; fileRef = 2C7F49422571067E00EE9B0B /* HackerNewsReaderTests.swift */; };
		2C7F494E2571067E00EE9B0B /* HackerNewsReaderUITests.swift in Sources */ = {isa = PBXBuildFile; fileRef = 2C7F494D2571067E00EE9B0B /* HackerNewsReaderUITests.swift */; };
		2C7F4965257107B900EE9B0B /* HitDTOModelTests.swift in Sources */ = {isa = PBXBuildFile; fileRef = 2C7F4964257107B900EE9B0B /* HitDTOModelTests.swift */; };
		2C7F496B257107EF00EE9B0B /* SampleJSON.json in Resources */ = {isa = PBXBuildFile; fileRef = 2C7F496A257107EF00EE9B0B /* SampleJSON.json */; };
		2C7F49732571083600EE9B0B /* SampleNews.json in Resources */ = {isa = PBXBuildFile; fileRef = 2C7F49722571083600EE9B0B /* SampleNews.json */; };
		2C7F497C257109FD00EE9B0B /* HitDTO.swift in Sources */ = {isa = PBXBuildFile; fileRef = 2C7F497B257109FD00EE9B0B /* HitDTO.swift */; };
		2C7F498425710F4000EE9B0B /* SampleNews2.json in Resources */ = {isa = PBXBuildFile; fileRef = 2C7F498325710F4000EE9B0B /* SampleNews2.json */; };
		2C7F498925711B3F00EE9B0B /* FeedDTOModelTests.swift in Sources */ = {isa = PBXBuildFile; fileRef = 2C7F498825711B3F00EE9B0B /* FeedDTOModelTests.swift */; };
		2C7F498E2571230000EE9B0B /* FeedDTO.swift in Sources */ = {isa = PBXBuildFile; fileRef = 2C7F498D2571230000EE9B0B /* FeedDTO.swift */; };
		2C7F49A7257129A000EE9B0B /* Persistence.swift in Sources */ = {isa = PBXBuildFile; fileRef = 2C7F49A6257129A000EE9B0B /* Persistence.swift */; };
		2C7F49BC2571342E00EE9B0B /* HitCoreDataTests.swift in Sources */ = {isa = PBXBuildFile; fileRef = 2C7F49BB2571342E00EE9B0B /* HitCoreDataTests.swift */; };
		2C7F49C1257134A700EE9B0B /* Hit.swift in Sources */ = {isa = PBXBuildFile; fileRef = 2C7F49C0257134A700EE9B0B /* Hit.swift */; };
		2C7F49C82571492100EE9B0B /* FeedService.swift in Sources */ = {isa = PBXBuildFile; fileRef = 2C7F49C72571492100EE9B0B /* FeedService.swift */; };
		2C7F49CD2571497100EE9B0B /* FeedServiceTest.swift in Sources */ = {isa = PBXBuildFile; fileRef = 2C7F49CC2571497100EE9B0B /* FeedServiceTest.swift */; };
		2CAD7C0A2572E0D600529CF8 /* second.json in Resources */ = {isa = PBXBuildFile; fileRef = 2CC822CF2572DF65004ACE8E /* second.json */; };
		2CAD7C19257300BA00529CF8 /* HitsViewControllerTests.swift in Sources */ = {isa = PBXBuildFile; fileRef = 2CAD7C10257300BA00529CF8 /* HitsViewControllerTests.swift */; };
		2CAD7C1A257300BA00529CF8 /* HitsInteractorTests.swift in Sources */ = {isa = PBXBuildFile; fileRef = 2CAD7C11257300BA00529CF8 /* HitsInteractorTests.swift */; };
		2CAD7C1B257300BA00529CF8 /* HitsDisplayLogicSpy.swift in Sources */ = {isa = PBXBuildFile; fileRef = 2CAD7C12257300BA00529CF8 /* HitsDisplayLogicSpy.swift */; };
		2CAD7C1C257300BA00529CF8 /* HitsNetworkWorkerTests.swift in Sources */ = {isa = PBXBuildFile; fileRef = 2CAD7C13257300BA00529CF8 /* HitsNetworkWorkerTests.swift */; };
		2CAD7C1D257300BA00529CF8 /* HitsPresentationLogicSpy.swift in Sources */ = {isa = PBXBuildFile; fileRef = 2CAD7C14257300BA00529CF8 /* HitsPresentationLogicSpy.swift */; };
		2CAD7C1E257300BA00529CF8 /* HitsRoutingLogicSpy.swift in Sources */ = {isa = PBXBuildFile; fileRef = 2CAD7C15257300BA00529CF8 /* HitsRoutingLogicSpy.swift */; };
		2CAD7C1F257300BA00529CF8 /* HitsBusinessLogicSpy.swift in Sources */ = {isa = PBXBuildFile; fileRef = 2CAD7C16257300BA00529CF8 /* HitsBusinessLogicSpy.swift */; };
		2CAD7C20257300BA00529CF8 /* HitsRouterTests.swift in Sources */ = {isa = PBXBuildFile; fileRef = 2CAD7C17257300BA00529CF8 /* HitsRouterTests.swift */; };
		2CAD7C21257300BA00529CF8 /* HitsPresenterTests.swift in Sources */ = {isa = PBXBuildFile; fileRef = 2CAD7C18257300BA00529CF8 /* HitsPresenterTests.swift */; };
		2CAD7C312573011A00529CF8 /* AppStoryboard.swift in Sources */ = {isa = PBXBuildFile; fileRef = 2CAD7C302573011A00529CF8 /* AppStoryboard.swift */; };
		2CAD7C362573013A00529CF8 /* UIViewController.swift in Sources */ = {isa = PBXBuildFile; fileRef = 2CAD7C352573013A00529CF8 /* UIViewController.swift */; };
		2CAD7C442573025E00529CF8 /* Hits.storyboard in Resources */ = {isa = PBXBuildFile; fileRef = 2CAD7C3C2573025E00529CF8 /* Hits.storyboard */; };
		2CAD7C452573025E00529CF8 /* Hits.strings in Resources */ = {isa = PBXBuildFile; fileRef = 2CAD7C3D2573025E00529CF8 /* Hits.strings */; };
		2CAD7C462573025E00529CF8 /* HitsPresenter.swift in Sources */ = {isa = PBXBuildFile; fileRef = 2CAD7C3E2573025E00529CF8 /* HitsPresenter.swift */; };
		2CAD7C472573025E00529CF8 /* HitsNetworkWorker.swift in Sources */ = {isa = PBXBuildFile; fileRef = 2CAD7C3F2573025E00529CF8 /* HitsNetworkWorker.swift */; };
		2CAD7C482573025E00529CF8 /* HitsRouter.swift in Sources */ = {isa = PBXBuildFile; fileRef = 2CAD7C402573025E00529CF8 /* HitsRouter.swift */; };
		2CAD7C492573025E00529CF8 /* HitsModels.swift in Sources */ = {isa = PBXBuildFile; fileRef = 2CAD7C412573025E00529CF8 /* HitsModels.swift */; };
		2CAD7C4A2573025E00529CF8 /* HitsViewController.swift in Sources */ = {isa = PBXBuildFile; fileRef = 2CAD7C422573025E00529CF8 /* HitsViewController.swift */; };
		2CAD7C4B2573025E00529CF8 /* HitsInteractor.swift in Sources */ = {isa = PBXBuildFile; fileRef = 2CAD7C432573025E00529CF8 /* HitsInteractor.swift */; };
		2CAD7C5E25730EC000529CF8 /* URLProtocolMock.swift in Sources */ = {isa = PBXBuildFile; fileRef = 2CAD7C5D25730EC000529CF8 /* URLProtocolMock.swift */; };
		2CAD7C6C25731B5500529CF8 /* HitsCoreDataWorkerTest.swift in Sources */ = {isa = PBXBuildFile; fileRef = 2CAD7C6B25731B5500529CF8 /* HitsCoreDataWorkerTest.swift */; };
		2CAD7C7125731B9D00529CF8 /* HitsCoreDataWorker.swift in Sources */ = {isa = PBXBuildFile; fileRef = 2CAD7C7025731B9D00529CF8 /* HitsCoreDataWorker.swift */; };
		2CAD7C85257336F700529CF8 /* HitsSampleData.json in Resources */ = {isa = PBXBuildFile; fileRef = 2CAD7C84257336F700529CF8 /* HitsSampleData.json */; };
		2CAD7C8D2573376C00529CF8 /* Seeds.swift in Sources */ = {isa = PBXBuildFile; fileRef = 2CAD7C8C2573376C00529CF8 /* Seeds.swift */; };
		2CC822C82572DF4D004ACE8E /* first.json in Resources */ = {isa = PBXBuildFile; fileRef = 2CC822C72572DF4D004ACE8E /* first.json */; };
/* End PBXBuildFile section */

/* Begin PBXContainerItemProxy section */
		2C7F493F2571067E00EE9B0B /* PBXContainerItemProxy */ = {
			isa = PBXContainerItemProxy;
			containerPortal = 2C7F491D2571067C00EE9B0B /* Project object */;
			proxyType = 1;
			remoteGlobalIDString = 2C7F49242571067C00EE9B0B;
			remoteInfo = HackerNewsReader;
		};
		2C7F494A2571067E00EE9B0B /* PBXContainerItemProxy */ = {
			isa = PBXContainerItemProxy;
			containerPortal = 2C7F491D2571067C00EE9B0B /* Project object */;
			proxyType = 1;
			remoteGlobalIDString = 2C7F49242571067C00EE9B0B;
			remoteInfo = HackerNewsReader;
		};
/* End PBXContainerItemProxy section */

/* Begin PBXFileReference section */
		2C7F49252571067C00EE9B0B /* HackerNewsReader.app */ = {isa = PBXFileReference; explicitFileType = wrapper.application; includeInIndex = 0; path = HackerNewsReader.app; sourceTree = BUILT_PRODUCTS_DIR; };
		2C7F49282571067C00EE9B0B /* AppDelegate.swift */ = {isa = PBXFileReference; lastKnownFileType = sourcecode.swift; path = AppDelegate.swift; sourceTree = "<group>"; };
		2C7F492A2571067C00EE9B0B /* SceneDelegate.swift */ = {isa = PBXFileReference; lastKnownFileType = sourcecode.swift; path = SceneDelegate.swift; sourceTree = "<group>"; };
		2C7F492C2571067C00EE9B0B /* ViewController.swift */ = {isa = PBXFileReference; lastKnownFileType = sourcecode.swift; path = ViewController.swift; sourceTree = "<group>"; };
		2C7F492F2571067C00EE9B0B /* Base */ = {isa = PBXFileReference; lastKnownFileType = file.storyboard; name = Base; path = Base.lproj/Main.storyboard; sourceTree = "<group>"; };
		2C7F49322571067C00EE9B0B /* HackerNewsReader.xcdatamodel */ = {isa = PBXFileReference; lastKnownFileType = wrapper.xcdatamodel; path = HackerNewsReader.xcdatamodel; sourceTree = "<group>"; };
		2C7F49342571067E00EE9B0B /* Assets.xcassets */ = {isa = PBXFileReference; lastKnownFileType = folder.assetcatalog; path = Assets.xcassets; sourceTree = "<group>"; };
		2C7F49372571067E00EE9B0B /* Base */ = {isa = PBXFileReference; lastKnownFileType = file.storyboard; name = Base; path = Base.lproj/LaunchScreen.storyboard; sourceTree = "<group>"; };
		2C7F49392571067E00EE9B0B /* Info.plist */ = {isa = PBXFileReference; lastKnownFileType = text.plist.xml; path = Info.plist; sourceTree = "<group>"; };
		2C7F493E2571067E00EE9B0B /* HackerNewsReaderTests.xctest */ = {isa = PBXFileReference; explicitFileType = wrapper.cfbundle; includeInIndex = 0; path = HackerNewsReaderTests.xctest; sourceTree = BUILT_PRODUCTS_DIR; };
		2C7F49422571067E00EE9B0B /* HackerNewsReaderTests.swift */ = {isa = PBXFileReference; lastKnownFileType = sourcecode.swift; path = HackerNewsReaderTests.swift; sourceTree = "<group>"; };
		2C7F49442571067E00EE9B0B /* Info.plist */ = {isa = PBXFileReference; lastKnownFileType = text.plist.xml; path = Info.plist; sourceTree = "<group>"; };
		2C7F49492571067E00EE9B0B /* HackerNewsReaderUITests.xctest */ = {isa = PBXFileReference; explicitFileType = wrapper.cfbundle; includeInIndex = 0; path = HackerNewsReaderUITests.xctest; sourceTree = BUILT_PRODUCTS_DIR; };
		2C7F494D2571067E00EE9B0B /* HackerNewsReaderUITests.swift */ = {isa = PBXFileReference; lastKnownFileType = sourcecode.swift; path = HackerNewsReaderUITests.swift; sourceTree = "<group>"; };
		2C7F494F2571067E00EE9B0B /* Info.plist */ = {isa = PBXFileReference; lastKnownFileType = text.plist.xml; path = Info.plist; sourceTree = "<group>"; };
		2C7F4964257107B900EE9B0B /* HitDTOModelTests.swift */ = {isa = PBXFileReference; lastKnownFileType = sourcecode.swift; path = HitDTOModelTests.swift; sourceTree = "<group>"; };
		2C7F496A257107EF00EE9B0B /* SampleJSON.json */ = {isa = PBXFileReference; lastKnownFileType = text.json; path = SampleJSON.json; sourceTree = "<group>"; };
		2C7F49722571083600EE9B0B /* SampleNews.json */ = {isa = PBXFileReference; lastKnownFileType = text.json; path = SampleNews.json; sourceTree = "<group>"; };
		2C7F497B257109FD00EE9B0B /* HitDTO.swift */ = {isa = PBXFileReference; lastKnownFileType = sourcecode.swift; path = HitDTO.swift; sourceTree = "<group>"; };
		2C7F498325710F4000EE9B0B /* SampleNews2.json */ = {isa = PBXFileReference; lastKnownFileType = text.json; path = SampleNews2.json; sourceTree = "<group>"; };
		2C7F498825711B3F00EE9B0B /* FeedDTOModelTests.swift */ = {isa = PBXFileReference; lastKnownFileType = sourcecode.swift; path = FeedDTOModelTests.swift; sourceTree = "<group>"; };
		2C7F498D2571230000EE9B0B /* FeedDTO.swift */ = {isa = PBXFileReference; lastKnownFileType = sourcecode.swift; path = FeedDTO.swift; sourceTree = "<group>"; };
		2C7F49A6257129A000EE9B0B /* Persistence.swift */ = {isa = PBXFileReference; fileEncoding = 4; lastKnownFileType = sourcecode.swift; path = Persistence.swift; sourceTree = "<group>"; };
		2C7F49BB2571342E00EE9B0B /* HitCoreDataTests.swift */ = {isa = PBXFileReference; lastKnownFileType = sourcecode.swift; path = HitCoreDataTests.swift; sourceTree = "<group>"; };
		2C7F49C0257134A700EE9B0B /* Hit.swift */ = {isa = PBXFileReference; lastKnownFileType = sourcecode.swift; path = Hit.swift; sourceTree = "<group>"; };
		2C7F49C72571492100EE9B0B /* FeedService.swift */ = {isa = PBXFileReference; lastKnownFileType = sourcecode.swift; path = FeedService.swift; sourceTree = "<group>"; };
		2C7F49CC2571497100EE9B0B /* FeedServiceTest.swift */ = {isa = PBXFileReference; lastKnownFileType = sourcecode.swift; path = FeedServiceTest.swift; sourceTree = "<group>"; };
		2CAD7C10257300BA00529CF8 /* HitsViewControllerTests.swift */ = {isa = PBXFileReference; lastKnownFileType = sourcecode.swift; path = HitsViewControllerTests.swift; sourceTree = "<group>"; };
		2CAD7C11257300BA00529CF8 /* HitsInteractorTests.swift */ = {isa = PBXFileReference; lastKnownFileType = sourcecode.swift; path = HitsInteractorTests.swift; sourceTree = "<group>"; };
		2CAD7C12257300BA00529CF8 /* HitsDisplayLogicSpy.swift */ = {isa = PBXFileReference; lastKnownFileType = sourcecode.swift; path = HitsDisplayLogicSpy.swift; sourceTree = "<group>"; };
		2CAD7C13257300BA00529CF8 /* HitsNetworkWorkerTests.swift */ = {isa = PBXFileReference; lastKnownFileType = sourcecode.swift; path = HitsNetworkWorkerTests.swift; sourceTree = "<group>"; };
		2CAD7C14257300BA00529CF8 /* HitsPresentationLogicSpy.swift */ = {isa = PBXFileReference; lastKnownFileType = sourcecode.swift; path = HitsPresentationLogicSpy.swift; sourceTree = "<group>"; };
		2CAD7C15257300BA00529CF8 /* HitsRoutingLogicSpy.swift */ = {isa = PBXFileReference; lastKnownFileType = sourcecode.swift; path = HitsRoutingLogicSpy.swift; sourceTree = "<group>"; };
		2CAD7C16257300BA00529CF8 /* HitsBusinessLogicSpy.swift */ = {isa = PBXFileReference; lastKnownFileType = sourcecode.swift; path = HitsBusinessLogicSpy.swift; sourceTree = "<group>"; };
		2CAD7C17257300BA00529CF8 /* HitsRouterTests.swift */ = {isa = PBXFileReference; lastKnownFileType = sourcecode.swift; path = HitsRouterTests.swift; sourceTree = "<group>"; };
		2CAD7C18257300BA00529CF8 /* HitsPresenterTests.swift */ = {isa = PBXFileReference; lastKnownFileType = sourcecode.swift; path = HitsPresenterTests.swift; sourceTree = "<group>"; };
		2CAD7C302573011A00529CF8 /* AppStoryboard.swift */ = {isa = PBXFileReference; fileEncoding = 4; lastKnownFileType = sourcecode.swift; path = AppStoryboard.swift; sourceTree = "<group>"; };
		2CAD7C352573013A00529CF8 /* UIViewController.swift */ = {isa = PBXFileReference; fileEncoding = 4; lastKnownFileType = sourcecode.swift; path = UIViewController.swift; sourceTree = "<group>"; };
		2CAD7C3C2573025E00529CF8 /* Hits.storyboard */ = {isa = PBXFileReference; lastKnownFileType = file.storyboard; path = Hits.storyboard; sourceTree = "<group>"; };
		2CAD7C3D2573025E00529CF8 /* Hits.strings */ = {isa = PBXFileReference; lastKnownFileType = text.plist.strings; path = Hits.strings; sourceTree = "<group>"; };
		2CAD7C3E2573025E00529CF8 /* HitsPresenter.swift */ = {isa = PBXFileReference; lastKnownFileType = sourcecode.swift; path = HitsPresenter.swift; sourceTree = "<group>"; };
		2CAD7C3F2573025E00529CF8 /* HitsNetworkWorker.swift */ = {isa = PBXFileReference; lastKnownFileType = sourcecode.swift; path = HitsNetworkWorker.swift; sourceTree = "<group>"; };
		2CAD7C402573025E00529CF8 /* HitsRouter.swift */ = {isa = PBXFileReference; lastKnownFileType = sourcecode.swift; path = HitsRouter.swift; sourceTree = "<group>"; };
		2CAD7C412573025E00529CF8 /* HitsModels.swift */ = {isa = PBXFileReference; lastKnownFileType = sourcecode.swift; path = HitsModels.swift; sourceTree = "<group>"; };
		2CAD7C422573025E00529CF8 /* HitsViewController.swift */ = {isa = PBXFileReference; lastKnownFileType = sourcecode.swift; path = HitsViewController.swift; sourceTree = "<group>"; };
		2CAD7C432573025E00529CF8 /* HitsInteractor.swift */ = {isa = PBXFileReference; lastKnownFileType = sourcecode.swift; path = HitsInteractor.swift; sourceTree = "<group>"; };
		2CAD7C5D25730EC000529CF8 /* URLProtocolMock.swift */ = {isa = PBXFileReference; lastKnownFileType = sourcecode.swift; path = URLProtocolMock.swift; sourceTree = "<group>"; };
		2CAD7C6B25731B5500529CF8 /* HitsCoreDataWorkerTest.swift */ = {isa = PBXFileReference; lastKnownFileType = sourcecode.swift; path = HitsCoreDataWorkerTest.swift; sourceTree = "<group>"; };
		2CAD7C7025731B9D00529CF8 /* HitsCoreDataWorker.swift */ = {isa = PBXFileReference; lastKnownFileType = sourcecode.swift; path = HitsCoreDataWorker.swift; sourceTree = "<group>"; };
		2CAD7C84257336F700529CF8 /* HitsSampleData.json */ = {isa = PBXFileReference; lastKnownFileType = text.json; path = HitsSampleData.json; sourceTree = "<group>"; };
		2CAD7C8C2573376C00529CF8 /* Seeds.swift */ = {isa = PBXFileReference; lastKnownFileType = sourcecode.swift; path = Seeds.swift; sourceTree = "<group>"; };
		2CC822C72572DF4D004ACE8E /* first.json */ = {isa = PBXFileReference; lastKnownFileType = text.json; path = first.json; sourceTree = "<group>"; };
		2CC822CF2572DF65004ACE8E /* second.json */ = {isa = PBXFileReference; lastKnownFileType = text.json; path = second.json; sourceTree = "<group>"; };
/* End PBXFileReference section */

/* Begin PBXFrameworksBuildPhase section */
		2C7F49222571067C00EE9B0B /* Frameworks */ = {
			isa = PBXFrameworksBuildPhase;
			buildActionMask = 2147483647;
			files = (
			);
			runOnlyForDeploymentPostprocessing = 0;
		};
		2C7F493B2571067E00EE9B0B /* Frameworks */ = {
			isa = PBXFrameworksBuildPhase;
			buildActionMask = 2147483647;
			files = (
			);
			runOnlyForDeploymentPostprocessing = 0;
		};
		2C7F49462571067E00EE9B0B /* Frameworks */ = {
			isa = PBXFrameworksBuildPhase;
			buildActionMask = 2147483647;
			files = (
			);
			runOnlyForDeploymentPostprocessing = 0;
		};
/* End PBXFrameworksBuildPhase section */

/* Begin PBXGroup section */
		2C7F491C2571067C00EE9B0B = {
			isa = PBXGroup;
			children = (
				2C7F49272571067C00EE9B0B /* HackerNewsReader */,
				2C7F49412571067E00EE9B0B /* HackerNewsReaderTests */,
				2C7F494C2571067E00EE9B0B /* HackerNewsReaderUITests */,
				2C7F49262571067C00EE9B0B /* Products */,
			);
			sourceTree = "<group>";
		};
		2C7F49262571067C00EE9B0B /* Products */ = {
			isa = PBXGroup;
			children = (
				2C7F49252571067C00EE9B0B /* HackerNewsReader.app */,
				2C7F493E2571067E00EE9B0B /* HackerNewsReaderTests.xctest */,
				2C7F49492571067E00EE9B0B /* HackerNewsReaderUITests.xctest */,
			);
			name = Products;
			sourceTree = "<group>";
		};
		2C7F49272571067C00EE9B0B /* HackerNewsReader */ = {
			isa = PBXGroup;
			children = (
				2CAD7C3A257301EB00529CF8 /* Scenes */,
				2CAD7C2F2573011400529CF8 /* Utils */,
				2C7F497A257109F300EE9B0B /* Data */,
				2C7F49282571067C00EE9B0B /* AppDelegate.swift */,
				2C7F492A2571067C00EE9B0B /* SceneDelegate.swift */,
				2C7F492C2571067C00EE9B0B /* ViewController.swift */,
				2C7F492E2571067C00EE9B0B /* Main.storyboard */,
				2C7F49342571067E00EE9B0B /* Assets.xcassets */,
				2C7F49362571067E00EE9B0B /* LaunchScreen.storyboard */,
				2C7F49392571067E00EE9B0B /* Info.plist */,
				2C7F49312571067C00EE9B0B /* HackerNewsReader.xcdatamodeld */,
			);
			path = HackerNewsReader;
			sourceTree = "<group>";
		};
		2C7F49412571067E00EE9B0B /* HackerNewsReaderTests */ = {
			isa = PBXGroup;
			children = (
				2CAD7C54257308C600529CF8 /* Utils */,
				2CAD7C0E2573009100529CF8 /* Scenes */,
				2C7F4969257107CD00EE9B0B /* Sample */,
				2C7F49422571067E00EE9B0B /* HackerNewsReaderTests.swift */,
				2C7F49442571067E00EE9B0B /* Info.plist */,
				2C7F49B125712A8C00EE9B0B /* Data */,
			);
			path = HackerNewsReaderTests;
			sourceTree = "<group>";
		};
		2C7F494C2571067E00EE9B0B /* HackerNewsReaderUITests */ = {
			isa = PBXGroup;
			children = (
				2C7F494D2571067E00EE9B0B /* HackerNewsReaderUITests.swift */,
				2C7F494F2571067E00EE9B0B /* Info.plist */,
			);
			path = HackerNewsReaderUITests;
			sourceTree = "<group>";
		};
		2C7F4969257107CD00EE9B0B /* Sample */ = {
			isa = PBXGroup;
			children = (
				2CC822C62572DF2A004ACE8E /* Feed */,
				2C7F496A257107EF00EE9B0B /* SampleJSON.json */,
				2C7F49722571083600EE9B0B /* SampleNews.json */,
				2C7F498325710F4000EE9B0B /* SampleNews2.json */,
			);
			path = Sample;
			sourceTree = "<group>";
		};
		2C7F497A257109F300EE9B0B /* Data */ = {
			isa = PBXGroup;
			children = (
				2C7F497B257109FD00EE9B0B /* HitDTO.swift */,
				2C7F498D2571230000EE9B0B /* FeedDTO.swift */,
				2C7F49A6257129A000EE9B0B /* Persistence.swift */,
				2C7F49C0257134A700EE9B0B /* Hit.swift */,
				2C7F49C72571492100EE9B0B /* FeedService.swift */,
			);
			path = Data;
			sourceTree = "<group>";
		};
		2C7F49B125712A8C00EE9B0B /* Data */ = {
			isa = PBXGroup;
			children = (
				2C7F4964257107B900EE9B0B /* HitDTOModelTests.swift */,
				2C7F498825711B3F00EE9B0B /* FeedDTOModelTests.swift */,
				2C7F49BB2571342E00EE9B0B /* HitCoreDataTests.swift */,
				2C7F49CC2571497100EE9B0B /* FeedServiceTest.swift */,
			);
			path = Data;
			sourceTree = "<group>";
		};
		2CAD7C0E2573009100529CF8 /* Scenes */ = {
			isa = PBXGroup;
			children = (
				2CAD7C0F2573009B00529CF8 /* Hits */,
			);
			path = Scenes;
			sourceTree = "<group>";
		};
		2CAD7C0F2573009B00529CF8 /* Hits */ = {
			isa = PBXGroup;
			children = (
				2CAD7C83257336D900529CF8 /* Sample */,
				2CAD7C7825731BC200529CF8 /* Workers */,
				2CAD7C11257300BA00529CF8 /* HitsInteractorTests.swift */,
				2CAD7C18257300BA00529CF8 /* HitsPresenterTests.swift */,
				2CAD7C17257300BA00529CF8 /* HitsRouterTests.swift */,
				2CAD7C10257300BA00529CF8 /* HitsViewControllerTests.swift */,
				2CAD7C28257300C600529CF8 /* Spies */,
			);
			path = Hits;
			sourceTree = "<group>";
		};
		2CAD7C28257300C600529CF8 /* Spies */ = {
			isa = PBXGroup;
			children = (
				2CAD7C12257300BA00529CF8 /* HitsDisplayLogicSpy.swift */,
				2CAD7C14257300BA00529CF8 /* HitsPresentationLogicSpy.swift */,
				2CAD7C15257300BA00529CF8 /* HitsRoutingLogicSpy.swift */,
				2CAD7C16257300BA00529CF8 /* HitsBusinessLogicSpy.swift */,
			);
			path = Spies;
			sourceTree = "<group>";
		};
		2CAD7C2F2573011400529CF8 /* Utils */ = {
			isa = PBXGroup;
			children = (
				2CAD7C352573013A00529CF8 /* UIViewController.swift */,
				2CAD7C302573011A00529CF8 /* AppStoryboard.swift */,
			);
			path = Utils;
			sourceTree = "<group>";
		};
		2CAD7C3A257301EB00529CF8 /* Scenes */ = {
			isa = PBXGroup;
			children = (
				2CAD7C3B257301F000529CF8 /* Hits */,
			);
			path = Scenes;
			sourceTree = "<group>";
		};
		2CAD7C3B257301F000529CF8 /* Hits */ = {
			isa = PBXGroup;
			children = (
				2CAD7C3C2573025E00529CF8 /* Hits.storyboard */,
				2CAD7C3D2573025E00529CF8 /* Hits.strings */,
				2CAD7C3E2573025E00529CF8 /* HitsPresenter.swift */,
				2CAD7C7F25731CE400529CF8 /* Workers */,
				2CAD7C402573025E00529CF8 /* HitsRouter.swift */,
				2CAD7C412573025E00529CF8 /* HitsModels.swift */,
				2CAD7C422573025E00529CF8 /* HitsViewController.swift */,
				2CAD7C432573025E00529CF8 /* HitsInteractor.swift */,
			);
			path = Hits;
			sourceTree = "<group>";
		};
		2CAD7C54257308C600529CF8 /* Utils */ = {
			isa = PBXGroup;
			children = (
				2CAD7C5D25730EC000529CF8 /* URLProtocolMock.swift */,
			);
			path = Utils;
			sourceTree = "<group>";
		};
		2CAD7C7825731BC200529CF8 /* Workers */ = {
			isa = PBXGroup;
			children = (
				2CAD7C6B25731B5500529CF8 /* HitsCoreDataWorkerTest.swift */,
				2CAD7C13257300BA00529CF8 /* HitsNetworkWorkerTests.swift */,
			);
			path = Workers;
			sourceTree = "<group>";
		};
		2CAD7C7F25731CE400529CF8 /* Workers */ = {
			isa = PBXGroup;
			children = (
				2CAD7C3F2573025E00529CF8 /* HitsNetworkWorker.swift */,
				2CAD7C7025731B9D00529CF8 /* HitsCoreDataWorker.swift */,
			);
			path = Workers;
			sourceTree = "<group>";
		};
		2CAD7C83257336D900529CF8 /* Sample */ = {
			isa = PBXGroup;
			children = (
				2CAD7C84257336F700529CF8 /* HitsSampleData.json */,
				2CAD7C8C2573376C00529CF8 /* Seeds.swift */,
			);
			path = Sample;
			sourceTree = "<group>";
		};
		2CC822C62572DF2A004ACE8E /* Feed */ = {
			isa = PBXGroup;
			children = (
				2CC822CF2572DF65004ACE8E /* second.json */,
				2CC822C72572DF4D004ACE8E /* first.json */,
			);
			path = Feed;
			sourceTree = "<group>";
		};
/* End PBXGroup section */

/* Begin PBXNativeTarget section */
		2C7F49242571067C00EE9B0B /* HackerNewsReader */ = {
			isa = PBXNativeTarget;
			buildConfigurationList = 2C7F49522571067E00EE9B0B /* Build configuration list for PBXNativeTarget "HackerNewsReader" */;
			buildPhases = (
				2C7F49212571067C00EE9B0B /* Sources */,
				2C7F49222571067C00EE9B0B /* Frameworks */,
				2C7F49232571067C00EE9B0B /* Resources */,
			);
			buildRules = (
			);
			dependencies = (
			);
			name = HackerNewsReader;
			productName = HackerNewsReader;
			productReference = 2C7F49252571067C00EE9B0B /* HackerNewsReader.app */;
			productType = "com.apple.product-type.application";
		};
		2C7F493D2571067E00EE9B0B /* HackerNewsReaderTests */ = {
			isa = PBXNativeTarget;
			buildConfigurationList = 2C7F49552571067E00EE9B0B /* Build configuration list for PBXNativeTarget "HackerNewsReaderTests" */;
			buildPhases = (
				2C7F493A2571067E00EE9B0B /* Sources */,
				2C7F493B2571067E00EE9B0B /* Frameworks */,
				2C7F493C2571067E00EE9B0B /* Resources */,
			);
			buildRules = (
			);
			dependencies = (
				2C7F49402571067E00EE9B0B /* PBXTargetDependency */,
			);
			name = HackerNewsReaderTests;
			productName = HackerNewsReaderTests;
			productReference = 2C7F493E2571067E00EE9B0B /* HackerNewsReaderTests.xctest */;
			productType = "com.apple.product-type.bundle.unit-test";
		};
		2C7F49482571067E00EE9B0B /* HackerNewsReaderUITests */ = {
			isa = PBXNativeTarget;
			buildConfigurationList = 2C7F49582571067E00EE9B0B /* Build configuration list for PBXNativeTarget "HackerNewsReaderUITests" */;
			buildPhases = (
				2C7F49452571067E00EE9B0B /* Sources */,
				2C7F49462571067E00EE9B0B /* Frameworks */,
				2C7F49472571067E00EE9B0B /* Resources */,
			);
			buildRules = (
			);
			dependencies = (
				2C7F494B2571067E00EE9B0B /* PBXTargetDependency */,
			);
			name = HackerNewsReaderUITests;
			productName = HackerNewsReaderUITests;
			productReference = 2C7F49492571067E00EE9B0B /* HackerNewsReaderUITests.xctest */;
			productType = "com.apple.product-type.bundle.ui-testing";
		};
/* End PBXNativeTarget section */

/* Begin PBXProject section */
		2C7F491D2571067C00EE9B0B /* Project object */ = {
			isa = PBXProject;
			attributes = {
				LastSwiftUpdateCheck = 1220;
				LastUpgradeCheck = 1220;
				TargetAttributes = {
					2C7F49242571067C00EE9B0B = {
						CreatedOnToolsVersion = 12.2;
					};
					2C7F493D2571067E00EE9B0B = {
						CreatedOnToolsVersion = 12.2;
						TestTargetID = 2C7F49242571067C00EE9B0B;
					};
					2C7F49482571067E00EE9B0B = {
						CreatedOnToolsVersion = 12.2;
						TestTargetID = 2C7F49242571067C00EE9B0B;
					};
				};
			};
			buildConfigurationList = 2C7F49202571067C00EE9B0B /* Build configuration list for PBXProject "HackerNewsReader" */;
			compatibilityVersion = "Xcode 9.3";
			developmentRegion = en;
			hasScannedForEncodings = 0;
			knownRegions = (
				en,
				Base,
			);
			mainGroup = 2C7F491C2571067C00EE9B0B;
			productRefGroup = 2C7F49262571067C00EE9B0B /* Products */;
			projectDirPath = "";
			projectRoot = "";
			targets = (
				2C7F49242571067C00EE9B0B /* HackerNewsReader */,
				2C7F493D2571067E00EE9B0B /* HackerNewsReaderTests */,
				2C7F49482571067E00EE9B0B /* HackerNewsReaderUITests */,
			);
		};
/* End PBXProject section */

/* Begin PBXResourcesBuildPhase section */
		2C7F49232571067C00EE9B0B /* Resources */ = {
			isa = PBXResourcesBuildPhase;
			buildActionMask = 2147483647;
			files = (
				2C7F49382571067E00EE9B0B /* LaunchScreen.storyboard in Resources */,
				2CAD7C452573025E00529CF8 /* Hits.strings in Resources */,
				2C7F49352571067E00EE9B0B /* Assets.xcassets in Resources */,
				2CAD7C442573025E00529CF8 /* Hits.storyboard in Resources */,
				2C7F49302571067C00EE9B0B /* Main.storyboard in Resources */,
			);
			runOnlyForDeploymentPostprocessing = 0;
		};
		2C7F493C2571067E00EE9B0B /* Resources */ = {
			isa = PBXResourcesBuildPhase;
			buildActionMask = 2147483647;
			files = (
				2CAD7C0A2572E0D600529CF8 /* second.json in Resources */,
				2CAD7C85257336F700529CF8 /* HitsSampleData.json in Resources */,
				2C7F49732571083600EE9B0B /* SampleNews.json in Resources */,
				2C7F496B257107EF00EE9B0B /* SampleJSON.json in Resources */,
				2CC822C82572DF4D004ACE8E /* first.json in Resources */,
				2C7F498425710F4000EE9B0B /* SampleNews2.json in Resources */,
			);
			runOnlyForDeploymentPostprocessing = 0;
		};
		2C7F49472571067E00EE9B0B /* Resources */ = {
			isa = PBXResourcesBuildPhase;
			buildActionMask = 2147483647;
			files = (
			);
			runOnlyForDeploymentPostprocessing = 0;
		};
/* End PBXResourcesBuildPhase section */

/* Begin PBXSourcesBuildPhase section */
		2C7F49212571067C00EE9B0B /* Sources */ = {
			isa = PBXSourcesBuildPhase;
			buildActionMask = 2147483647;
			files = (
				2CAD7C312573011A00529CF8 /* AppStoryboard.swift in Sources */,
				2C7F497C257109FD00EE9B0B /* HitDTO.swift in Sources */,
				2C7F49C1257134A700EE9B0B /* Hit.swift in Sources */,
				2CAD7C362573013A00529CF8 /* UIViewController.swift in Sources */,
				2CAD7C4B2573025E00529CF8 /* HitsInteractor.swift in Sources */,
				2C7F492D2571067C00EE9B0B /* ViewController.swift in Sources */,
				2C7F49292571067C00EE9B0B /* AppDelegate.swift in Sources */,
				2CAD7C492573025E00529CF8 /* HitsModels.swift in Sources */,
				2CAD7C482573025E00529CF8 /* HitsRouter.swift in Sources */,
				2C7F49A7257129A000EE9B0B /* Persistence.swift in Sources */,
				2CAD7C7125731B9D00529CF8 /* HitsCoreDataWorker.swift in Sources */,
				2C7F492B2571067C00EE9B0B /* SceneDelegate.swift in Sources */,
				2CAD7C4A2573025E00529CF8 /* HitsViewController.swift in Sources */,
				2CAD7C472573025E00529CF8 /* HitsNetworkWorker.swift in Sources */,
				2C7F49332571067C00EE9B0B /* HackerNewsReader.xcdatamodeld in Sources */,
				2C7F498E2571230000EE9B0B /* FeedDTO.swift in Sources */,
				2CAD7C462573025E00529CF8 /* HitsPresenter.swift in Sources */,
				2C7F49C82571492100EE9B0B /* FeedService.swift in Sources */,
			);
			runOnlyForDeploymentPostprocessing = 0;
		};
		2C7F493A2571067E00EE9B0B /* Sources */ = {
			isa = PBXSourcesBuildPhase;
			buildActionMask = 2147483647;
			files = (
				2CAD7C19257300BA00529CF8 /* HitsViewControllerTests.swift in Sources */,
				2C7F49BC2571342E00EE9B0B /* HitCoreDataTests.swift in Sources */,
				2C7F4965257107B900EE9B0B /* HitDTOModelTests.swift in Sources */,
				2CAD7C1E257300BA00529CF8 /* HitsRoutingLogicSpy.swift in Sources */,
				2C7F49432571067E00EE9B0B /* HackerNewsReaderTests.swift in Sources */,
				2CAD7C1B257300BA00529CF8 /* HitsDisplayLogicSpy.swift in Sources */,
				2CAD7C20257300BA00529CF8 /* HitsRouterTests.swift in Sources */,
				2CAD7C1D257300BA00529CF8 /* HitsPresentationLogicSpy.swift in Sources */,
				2CAD7C1C257300BA00529CF8 /* HitsNetworkWorkerTests.swift in Sources */,
				2C7F498925711B3F00EE9B0B /* FeedDTOModelTests.swift in Sources */,
				2CAD7C21257300BA00529CF8 /* HitsPresenterTests.swift in Sources */,
				2C7F49CD2571497100EE9B0B /* FeedServiceTest.swift in Sources */,
				2CAD7C6C25731B5500529CF8 /* HitsCoreDataWorkerTest.swift in Sources */,
				2CAD7C1A257300BA00529CF8 /* HitsInteractorTests.swift in Sources */,
				2CAD7C1F257300BA00529CF8 /* HitsBusinessLogicSpy.swift in Sources */,
				2CAD7C5E25730EC000529CF8 /* URLProtocolMock.swift in Sources */,
				2CAD7C8D2573376C00529CF8 /* Seeds.swift in Sources */,
			);
			runOnlyForDeploymentPostprocessing = 0;
		};
		2C7F49452571067E00EE9B0B /* Sources */ = {
			isa = PBXSourcesBuildPhase;
			buildActionMask = 2147483647;
			files = (
				2C7F494E2571067E00EE9B0B /* HackerNewsReaderUITests.swift in Sources */,
			);
			runOnlyForDeploymentPostprocessing = 0;
		};
/* End PBXSourcesBuildPhase section */

/* Begin PBXTargetDependency section */
		2C7F49402571067E00EE9B0B /* PBXTargetDependency */ = {
			isa = PBXTargetDependency;
			target = 2C7F49242571067C00EE9B0B /* HackerNewsReader */;
			targetProxy = 2C7F493F2571067E00EE9B0B /* PBXContainerItemProxy */;
		};
		2C7F494B2571067E00EE9B0B /* PBXTargetDependency */ = {
			isa = PBXTargetDependency;
			target = 2C7F49242571067C00EE9B0B /* HackerNewsReader */;
			targetProxy = 2C7F494A2571067E00EE9B0B /* PBXContainerItemProxy */;
		};
/* End PBXTargetDependency section */

/* Begin PBXVariantGroup section */
		2C7F492E2571067C00EE9B0B /* Main.storyboard */ = {
			isa = PBXVariantGroup;
			children = (
				2C7F492F2571067C00EE9B0B /* Base */,
			);
			name = Main.storyboard;
			sourceTree = "<group>";
		};
		2C7F49362571067E00EE9B0B /* LaunchScreen.storyboard */ = {
			isa = PBXVariantGroup;
			children = (
				2C7F49372571067E00EE9B0B /* Base */,
			);
			name = LaunchScreen.storyboard;
			sourceTree = "<group>";
		};
/* End PBXVariantGroup section */

/* Begin XCBuildConfiguration section */
		2C7F49502571067E00EE9B0B /* Debug */ = {
			isa = XCBuildConfiguration;
			buildSettings = {
				ALWAYS_SEARCH_USER_PATHS = NO;
				CLANG_ANALYZER_NONNULL = YES;
				CLANG_ANALYZER_NUMBER_OBJECT_CONVERSION = YES_AGGRESSIVE;
				CLANG_CXX_LANGUAGE_STANDARD = "gnu++14";
				CLANG_CXX_LIBRARY = "libc++";
				CLANG_ENABLE_MODULES = YES;
				CLANG_ENABLE_OBJC_ARC = YES;
				CLANG_ENABLE_OBJC_WEAK = YES;
				CLANG_WARN_BLOCK_CAPTURE_AUTORELEASING = YES;
				CLANG_WARN_BOOL_CONVERSION = YES;
				CLANG_WARN_COMMA = YES;
				CLANG_WARN_CONSTANT_CONVERSION = YES;
				CLANG_WARN_DEPRECATED_OBJC_IMPLEMENTATIONS = YES;
				CLANG_WARN_DIRECT_OBJC_ISA_USAGE = YES_ERROR;
				CLANG_WARN_DOCUMENTATION_COMMENTS = YES;
				CLANG_WARN_EMPTY_BODY = YES;
				CLANG_WARN_ENUM_CONVERSION = YES;
				CLANG_WARN_INFINITE_RECURSION = YES;
				CLANG_WARN_INT_CONVERSION = YES;
				CLANG_WARN_NON_LITERAL_NULL_CONVERSION = YES;
				CLANG_WARN_OBJC_IMPLICIT_RETAIN_SELF = YES;
				CLANG_WARN_OBJC_LITERAL_CONVERSION = YES;
				CLANG_WARN_OBJC_ROOT_CLASS = YES_ERROR;
				CLANG_WARN_QUOTED_INCLUDE_IN_FRAMEWORK_HEADER = YES;
				CLANG_WARN_RANGE_LOOP_ANALYSIS = YES;
				CLANG_WARN_STRICT_PROTOTYPES = YES;
				CLANG_WARN_SUSPICIOUS_MOVE = YES;
				CLANG_WARN_UNGUARDED_AVAILABILITY = YES_AGGRESSIVE;
				CLANG_WARN_UNREACHABLE_CODE = YES;
				CLANG_WARN__DUPLICATE_METHOD_MATCH = YES;
				COPY_PHASE_STRIP = NO;
				DEBUG_INFORMATION_FORMAT = dwarf;
				ENABLE_STRICT_OBJC_MSGSEND = YES;
				ENABLE_TESTABILITY = YES;
				GCC_C_LANGUAGE_STANDARD = gnu11;
				GCC_DYNAMIC_NO_PIC = NO;
				GCC_NO_COMMON_BLOCKS = YES;
				GCC_OPTIMIZATION_LEVEL = 0;
				GCC_PREPROCESSOR_DEFINITIONS = (
					"DEBUG=1",
					"$(inherited)",
				);
				GCC_WARN_64_TO_32_BIT_CONVERSION = YES;
				GCC_WARN_ABOUT_RETURN_TYPE = YES_ERROR;
				GCC_WARN_UNDECLARED_SELECTOR = YES;
				GCC_WARN_UNINITIALIZED_AUTOS = YES_AGGRESSIVE;
				GCC_WARN_UNUSED_FUNCTION = YES;
				GCC_WARN_UNUSED_VARIABLE = YES;
				IPHONEOS_DEPLOYMENT_TARGET = 14.2;
				MTL_ENABLE_DEBUG_INFO = INCLUDE_SOURCE;
				MTL_FAST_MATH = YES;
				ONLY_ACTIVE_ARCH = YES;
				SDKROOT = iphoneos;
				SWIFT_ACTIVE_COMPILATION_CONDITIONS = DEBUG;
				SWIFT_OPTIMIZATION_LEVEL = "-Onone";
			};
			name = Debug;
		};
		2C7F49512571067E00EE9B0B /* Release */ = {
			isa = XCBuildConfiguration;
			buildSettings = {
				ALWAYS_SEARCH_USER_PATHS = NO;
				CLANG_ANALYZER_NONNULL = YES;
				CLANG_ANALYZER_NUMBER_OBJECT_CONVERSION = YES_AGGRESSIVE;
				CLANG_CXX_LANGUAGE_STANDARD = "gnu++14";
				CLANG_CXX_LIBRARY = "libc++";
				CLANG_ENABLE_MODULES = YES;
				CLANG_ENABLE_OBJC_ARC = YES;
				CLANG_ENABLE_OBJC_WEAK = YES;
				CLANG_WARN_BLOCK_CAPTURE_AUTORELEASING = YES;
				CLANG_WARN_BOOL_CONVERSION = YES;
				CLANG_WARN_COMMA = YES;
				CLANG_WARN_CONSTANT_CONVERSION = YES;
				CLANG_WARN_DEPRECATED_OBJC_IMPLEMENTATIONS = YES;
				CLANG_WARN_DIRECT_OBJC_ISA_USAGE = YES_ERROR;
				CLANG_WARN_DOCUMENTATION_COMMENTS = YES;
				CLANG_WARN_EMPTY_BODY = YES;
				CLANG_WARN_ENUM_CONVERSION = YES;
				CLANG_WARN_INFINITE_RECURSION = YES;
				CLANG_WARN_INT_CONVERSION = YES;
				CLANG_WARN_NON_LITERAL_NULL_CONVERSION = YES;
				CLANG_WARN_OBJC_IMPLICIT_RETAIN_SELF = YES;
				CLANG_WARN_OBJC_LITERAL_CONVERSION = YES;
				CLANG_WARN_OBJC_ROOT_CLASS = YES_ERROR;
				CLANG_WARN_QUOTED_INCLUDE_IN_FRAMEWORK_HEADER = YES;
				CLANG_WARN_RANGE_LOOP_ANALYSIS = YES;
				CLANG_WARN_STRICT_PROTOTYPES = YES;
				CLANG_WARN_SUSPICIOUS_MOVE = YES;
				CLANG_WARN_UNGUARDED_AVAILABILITY = YES_AGGRESSIVE;
				CLANG_WARN_UNREACHABLE_CODE = YES;
				CLANG_WARN__DUPLICATE_METHOD_MATCH = YES;
				COPY_PHASE_STRIP = NO;
				DEBUG_INFORMATION_FORMAT = "dwarf-with-dsym";
				ENABLE_NS_ASSERTIONS = NO;
				ENABLE_STRICT_OBJC_MSGSEND = YES;
				GCC_C_LANGUAGE_STANDARD = gnu11;
				GCC_NO_COMMON_BLOCKS = YES;
				GCC_WARN_64_TO_32_BIT_CONVERSION = YES;
				GCC_WARN_ABOUT_RETURN_TYPE = YES_ERROR;
				GCC_WARN_UNDECLARED_SELECTOR = YES;
				GCC_WARN_UNINITIALIZED_AUTOS = YES_AGGRESSIVE;
				GCC_WARN_UNUSED_FUNCTION = YES;
				GCC_WARN_UNUSED_VARIABLE = YES;
				IPHONEOS_DEPLOYMENT_TARGET = 14.2;
				MTL_ENABLE_DEBUG_INFO = NO;
				MTL_FAST_MATH = YES;
				SDKROOT = iphoneos;
				SWIFT_COMPILATION_MODE = wholemodule;
				SWIFT_OPTIMIZATION_LEVEL = "-O";
				VALIDATE_PRODUCT = YES;
			};
			name = Release;
		};
		2C7F49532571067E00EE9B0B /* Debug */ = {
			isa = XCBuildConfiguration;
			buildSettings = {
				ASSETCATALOG_COMPILER_APPICON_NAME = AppIcon;
				ASSETCATALOG_COMPILER_GLOBAL_ACCENT_COLOR_NAME = AccentColor;
				CODE_SIGN_STYLE = Automatic;
				DEVELOPMENT_TEAM = 26EP7GUNQN;
				INFOPLIST_FILE = HackerNewsReader/Info.plist;
				LD_RUNPATH_SEARCH_PATHS = (
					"$(inherited)",
					"@executable_path/Frameworks",
				);
				PRODUCT_BUNDLE_IDENTIFIER = lab.dequin.cl.HackerNewsReader;
				PRODUCT_NAME = "$(TARGET_NAME)";
				SWIFT_VERSION = 5.0;
				TARGETED_DEVICE_FAMILY = "1,2";
			};
			name = Debug;
		};
		2C7F49542571067E00EE9B0B /* Release */ = {
			isa = XCBuildConfiguration;
			buildSettings = {
				ASSETCATALOG_COMPILER_APPICON_NAME = AppIcon;
				ASSETCATALOG_COMPILER_GLOBAL_ACCENT_COLOR_NAME = AccentColor;
				CODE_SIGN_STYLE = Automatic;
				DEVELOPMENT_TEAM = 26EP7GUNQN;
				INFOPLIST_FILE = HackerNewsReader/Info.plist;
				LD_RUNPATH_SEARCH_PATHS = (
					"$(inherited)",
					"@executable_path/Frameworks",
				);
				PRODUCT_BUNDLE_IDENTIFIER = lab.dequin.cl.HackerNewsReader;
				PRODUCT_NAME = "$(TARGET_NAME)";
				SWIFT_VERSION = 5.0;
				TARGETED_DEVICE_FAMILY = "1,2";
			};
			name = Release;
		};
		2C7F49562571067E00EE9B0B /* Debug */ = {
			isa = XCBuildConfiguration;
			buildSettings = {
				ALWAYS_EMBED_SWIFT_STANDARD_LIBRARIES = YES;
				BUNDLE_LOADER = "$(TEST_HOST)";
				CODE_SIGN_STYLE = Automatic;
				DEVELOPMENT_TEAM = 26EP7GUNQN;
				INFOPLIST_FILE = HackerNewsReaderTests/Info.plist;
				IPHONEOS_DEPLOYMENT_TARGET = 14.2;
				LD_RUNPATH_SEARCH_PATHS = (
					"$(inherited)",
					"@executable_path/Frameworks",
					"@loader_path/Frameworks",
				);
				PRODUCT_BUNDLE_IDENTIFIER = lab.dequin.cl.HackerNewsReaderTests;
				PRODUCT_NAME = "$(TARGET_NAME)";
				SWIFT_VERSION = 5.0;
				TARGETED_DEVICE_FAMILY = "1,2";
				TEST_HOST = "$(BUILT_PRODUCTS_DIR)/HackerNewsReader.app/HackerNewsReader";
			};
			name = Debug;
		};
		2C7F49572571067E00EE9B0B /* Release */ = {
			isa = XCBuildConfiguration;
			buildSettings = {
				ALWAYS_EMBED_SWIFT_STANDARD_LIBRARIES = YES;
				BUNDLE_LOADER = "$(TEST_HOST)";
				CODE_SIGN_STYLE = Automatic;
				DEVELOPMENT_TEAM = 26EP7GUNQN;
				INFOPLIST_FILE = HackerNewsReaderTests/Info.plist;
				IPHONEOS_DEPLOYMENT_TARGET = 14.2;
				LD_RUNPATH_SEARCH_PATHS = (
					"$(inherited)",
					"@executable_path/Frameworks",
					"@loader_path/Frameworks",
				);
				PRODUCT_BUNDLE_IDENTIFIER = lab.dequin.cl.HackerNewsReaderTests;
				PRODUCT_NAME = "$(TARGET_NAME)";
				SWIFT_VERSION = 5.0;
				TARGETED_DEVICE_FAMILY = "1,2";
				TEST_HOST = "$(BUILT_PRODUCTS_DIR)/HackerNewsReader.app/HackerNewsReader";
			};
			name = Release;
		};
		2C7F49592571067E00EE9B0B /* Debug */ = {
			isa = XCBuildConfiguration;
			buildSettings = {
				ALWAYS_EMBED_SWIFT_STANDARD_LIBRARIES = YES;
				CODE_SIGN_STYLE = Automatic;
				DEVELOPMENT_TEAM = 26EP7GUNQN;
				INFOPLIST_FILE = HackerNewsReaderUITests/Info.plist;
				LD_RUNPATH_SEARCH_PATHS = (
					"$(inherited)",
					"@executable_path/Frameworks",
					"@loader_path/Frameworks",
				);
				PRODUCT_BUNDLE_IDENTIFIER = lab.dequin.cl.HackerNewsReaderUITests;
				PRODUCT_NAME = "$(TARGET_NAME)";
				SWIFT_VERSION = 5.0;
				TARGETED_DEVICE_FAMILY = "1,2";
				TEST_TARGET_NAME = HackerNewsReader;
			};
			name = Debug;
		};
		2C7F495A2571067E00EE9B0B /* Release */ = {
			isa = XCBuildConfiguration;
			buildSettings = {
				ALWAYS_EMBED_SWIFT_STANDARD_LIBRARIES = YES;
				CODE_SIGN_STYLE = Automatic;
				DEVELOPMENT_TEAM = 26EP7GUNQN;
				INFOPLIST_FILE = HackerNewsReaderUITests/Info.plist;
				LD_RUNPATH_SEARCH_PATHS = (
					"$(inherited)",
					"@executable_path/Frameworks",
					"@loader_path/Frameworks",
				);
				PRODUCT_BUNDLE_IDENTIFIER = lab.dequin.cl.HackerNewsReaderUITests;
				PRODUCT_NAME = "$(TARGET_NAME)";
				SWIFT_VERSION = 5.0;
				TARGETED_DEVICE_FAMILY = "1,2";
				TEST_TARGET_NAME = HackerNewsReader;
			};
			name = Release;
		};
/* End XCBuildConfiguration section */

/* Begin XCConfigurationList section */
		2C7F49202571067C00EE9B0B /* Build configuration list for PBXProject "HackerNewsReader" */ = {
			isa = XCConfigurationList;
			buildConfigurations = (
				2C7F49502571067E00EE9B0B /* Debug */,
				2C7F49512571067E00EE9B0B /* Release */,
			);
			defaultConfigurationIsVisible = 0;
			defaultConfigurationName = Release;
		};
		2C7F49522571067E00EE9B0B /* Build configuration list for PBXNativeTarget "HackerNewsReader" */ = {
			isa = XCConfigurationList;
			buildConfigurations = (
				2C7F49532571067E00EE9B0B /* Debug */,
				2C7F49542571067E00EE9B0B /* Release */,
			);
			defaultConfigurationIsVisible = 0;
			defaultConfigurationName = Release;
		};
		2C7F49552571067E00EE9B0B /* Build configuration list for PBXNativeTarget "HackerNewsReaderTests" */ = {
			isa = XCConfigurationList;
			buildConfigurations = (
				2C7F49562571067E00EE9B0B /* Debug */,
				2C7F49572571067E00EE9B0B /* Release */,
			);
			defaultConfigurationIsVisible = 0;
			defaultConfigurationName = Release;
		};
		2C7F49582571067E00EE9B0B /* Build configuration list for PBXNativeTarget "HackerNewsReaderUITests" */ = {
			isa = XCConfigurationList;
			buildConfigurations = (
				2C7F49592571067E00EE9B0B /* Debug */,
				2C7F495A2571067E00EE9B0B /* Release */,
			);
			defaultConfigurationIsVisible = 0;
			defaultConfigurationName = Release;
		};
/* End XCConfigurationList section */

/* Begin XCVersionGroup section */
		2C7F49312571067C00EE9B0B /* HackerNewsReader.xcdatamodeld */ = {
			isa = XCVersionGroup;
			children = (
				2C7F49322571067C00EE9B0B /* HackerNewsReader.xcdatamodel */,
			);
			currentVersion = 2C7F49322571067C00EE9B0B /* HackerNewsReader.xcdatamodel */;
			path = HackerNewsReader.xcdatamodeld;
			sourceTree = "<group>";
			versionGroupType = wrapper.xcdatamodel;
		};
/* End XCVersionGroup section */
	};
	rootObject = 2C7F491D2571067C00EE9B0B /* Project object */;
}
